
Microsoft Visual Studio Solution File, Format Version 12.00
# Visual Studio Version 16
VisualStudioVersion = 16.0.32802.440
MinimumVisualStudioVersion = 10.0.40219.1
Project("{FAE04EC0-301F-11D3-BF4B-00C04F79EFBC}") = "HF_16_MVVM_Stopwatch", "HF_16_MVVM_Stopwatch.csproj", "{71285326-27F4-4F5F-8E2A-725D3422C5DB}"
EndProject
Global
	GlobalSection(SolutionConfigurationPlatforms) = preSolution
		Debug|Any CPU = Debug|Any CPU
		Release|Any CPU = Release|Any CPU
	EndGlobalSection
	GlobalSection(ProjectConfigurationPlatforms) = postSolution
		{71285326-27F4-4F5F-8E2A-725D3422C5DB}.Debug|Any CPU.ActiveCfg = Debug|Any CPU
		{71285326-27F4-4F5F-8E2A-725D3422C5DB}.Debug|Any CPU.Build.0 = Debug|Any CPU
		{71285326-27F4-4F5F-8E2A-725D3422C5DB}.Release|Any CPU.ActiveCfg = Release|Any CPU
		{71285326-27F4-4F5F-8E2A-725D3422C5DB}.Release|Any CPU.Build.0 = Release|Any CPU
	EndGlobalSection
	GlobalSection(SolutionProperties) = preSolution
		HideSolutionNode = FALSE
	EndGlobalSection
	GlobalSection(ExtensibilityGlobals) = postSolution
		SolutionGuid = {29CC3DA8-D15E-4640-A338-9EDBB2764091}
	EndGlobalSection
EndGlobal
